
Microsoft Visual Studio Solution File, Format Version 12.00
# Visual Studio 2013
VisualStudioVersion = 12.0.31101.0
MinimumVisualStudioVersion = 10.0.40219.1
Project("{FAE04EC0-301F-11D3-BF4B-00C04F79EFBC}") = "ISS17.ODataBackend", "ODataBackend/ISS17.ODataBackend.csproj", "{D7312FB2-0138-40EC-BEFE-C92C65821466}"
EndProject
Project("{FAE04EC0-301F-11D3-BF4B-00C04F79EFBC}") = "ISS17.Objects", "Objects/ISS17.Objects.csproj", "{DD348D1C-89C2-4B62-ABD0-5F06C3DC4BA5}"
EndProject
Global
	GlobalSection(SolutionConfigurationPlatforms) = preSolution
Debug|Any CPU = Debug|Any CPU
Release|Any CPU = Release|Any CPU
	EndGlobalSection
	GlobalSection(ProjectConfigurationPlatforms) = postSolution
		{D7312FB2-0138-40EC-BEFE-C92C65821466}.Debug|Any CPU.ActiveCfg = Debug|Any CPU
		{D7312FB2-0138-40EC-BEFE-C92C65821466}.Debug|Any CPU.Build.0 = Debug|Any CPU
		{D7312FB2-0138-40EC-BEFE-C92C65821466}.Release|Any CPU.ActiveCfg = Release|Any CPU
		{D7312FB2-0138-40EC-BEFE-C92C65821466}.Release|Any CPU.Build.0 = Release|Any CPU
		{DD348D1C-89C2-4B62-ABD0-5F06C3DC4BA5}.Debug|Any CPU.ActiveCfg = Debug|Any CPU
		{DD348D1C-89C2-4B62-ABD0-5F06C3DC4BA5}.Debug|Any CPU.Build.0 = Debug|Any CPU
		{DD348D1C-89C2-4B62-ABD0-5F06C3DC4BA5}.Release|Any CPU.ActiveCfg = Release|Any CPU
		{DD348D1C-89C2-4B62-ABD0-5F06C3DC4BA5}.Release|Any CPU.Build.0 = Release|Any CPU
	EndGlobalSection
	GlobalSection(SolutionProperties) = preSolution
		HideSolutionNode = FALSE
	EndGlobalSection
EndGlobal
